
Microsoft Visual Studio Solution File, Format Version 12.00
# Visual Studio Version 16
VisualStudioVersion = 16.0.31729.503
MinimumVisualStudioVersion = 10.0.40219.1
Project("{FAE04EC0-301F-11D3-BF4B-00C04F79EFBC}") = "ONP - Transform the Expression", "ONP - Transform the Expression\ONP - Transform the Expression.csproj", "{E38F5D3E-0403-4CE4-8D1F-B0692E50C506}"
EndProject
Global
	GlobalSection(SolutionConfigurationPlatforms) = preSolution
		Debug|Any CPU = Debug|Any CPU
		Release|Any CPU = Release|Any CPU
	EndGlobalSection
	GlobalSection(ProjectConfigurationPlatforms) = postSolution
		{E38F5D3E-0403-4CE4-8D1F-B0692E50C506}.Debug|Any CPU.ActiveCfg = Debug|Any CPU
		{E38F5D3E-0403-4CE4-8D1F-B0692E50C506}.Debug|Any CPU.Build.0 = Debug|Any CPU
		{E38F5D3E-0403-4CE4-8D1F-B0692E50C506}.Release|Any CPU.ActiveCfg = Release|Any CPU
		{E38F5D3E-0403-4CE4-8D1F-B0692E50C506}.Release|Any CPU.Build.0 = Release|Any CPU
	EndGlobalSection
	GlobalSection(SolutionProperties) = preSolution
		HideSolutionNode = FALSE
	EndGlobalSection
	GlobalSection(ExtensibilityGlobals) = postSolution
		SolutionGuid = {CB745B39-97A1-4D3A-A6DE-1DA3BAD37A7E}
	EndGlobalSection
EndGlobal
